
Microsoft Visual Studio Solution File, Format Version 12.00
# Visual Studio 15
VisualStudioVersion = 15.0.26730.12
MinimumVisualStudioVersion = 10.0.40219.1
Project("{FAE04EC0-301F-11D3-BF4B-00C04F79EFBC}") = "BroCompiler", "BroCompiler\BroCompiler.csproj", "{F0AE61A0-3599-46E1-A2B7-5D1D8CA763A4}"
EndProject
Project("{FAE04EC0-301F-11D3-BF4B-00C04F79EFBC}") = "BroCollector", "BroCollector\BroCollector.csproj", "{11340CBC-7EFE-4480-8B22-236CED0F95EE}"
EndProject
Project("{FAE04EC0-301F-11D3-BF4B-00C04F79EFBC}") = "BroControls", "BroControls\BroControls.csproj", "{D0DE9FCE-EBB6-4DA4-B44B-C05840505DCF}"
EndProject
Project("{FAE04EC0-301F-11D3-BF4B-00C04F79EFBC}") = "BroDirectX", "BroDirectX\BroDirectX.csproj", "{FAE987B4-32D8-4DCA-9C90-E9A7588359E2}"
EndProject
Project("{FAE04EC0-301F-11D3-BF4B-00C04F79EFBC}") = "BroSymbols", "BroSymbols\BroSymbols.csproj", "{EDD9C5FB-A3A2-417A-A273-3879BF0D7FF9}"
EndProject
Project("{FAE04EC0-301F-11D3-BF4B-00C04F79EFBC}") = "BroInterop", "BroInterop\BroInterop.csproj", "{45203ED6-82D0-49AF-A9A8-00D43BCD8D5C}"
EndProject
Global
	GlobalSection(SolutionConfigurationPlatforms) = preSolution
		Debug|Any CPU = Debug|Any CPU
		Debug|x64 = Debug|x64
		Release|Any CPU = Release|Any CPU
		Release|x64 = Release|x64
	EndGlobalSection
	GlobalSection(ProjectConfigurationPlatforms) = postSolution
		{F0AE61A0-3599-46E1-A2B7-5D1D8CA763A4}.Debug|Any CPU.ActiveCfg = Debug|Any CPU
		{F0AE61A0-3599-46E1-A2B7-5D1D8CA763A4}.Debug|Any CPU.Build.0 = Debug|Any CPU
		{F0AE61A0-3599-46E1-A2B7-5D1D8CA763A4}.Debug|x64.ActiveCfg = Debug|x64
		{F0AE61A0-3599-46E1-A2B7-5D1D8CA763A4}.Debug|x64.Build.0 = Debug|x64
		{F0AE61A0-3599-46E1-A2B7-5D1D8CA763A4}.Release|Any CPU.ActiveCfg = Release|Any CPU
		{F0AE61A0-3599-46E1-A2B7-5D1D8CA763A4}.Release|Any CPU.Build.0 = Release|Any CPU
		{F0AE61A0-3599-46E1-A2B7-5D1D8CA763A4}.Release|x64.ActiveCfg = Release|x64
		{F0AE61A0-3599-46E1-A2B7-5D1D8CA763A4}.Release|x64.Build.0 = Release|x64
		{11340CBC-7EFE-4480-8B22-236CED0F95EE}.Debug|Any CPU.ActiveCfg = Debug|Any CPU
		{11340CBC-7EFE-4480-8B22-236CED0F95EE}.Debug|Any CPU.Build.0 = Debug|Any CPU
		{11340CBC-7EFE-4480-8B22-236CED0F95EE}.Debug|x64.ActiveCfg = Debug|x64
		{11340CBC-7EFE-4480-8B22-236CED0F95EE}.Debug|x64.Build.0 = Debug|x64
		{11340CBC-7EFE-4480-8B22-236CED0F95EE}.Release|Any CPU.ActiveCfg = Release|Any CPU
		{11340CBC-7EFE-4480-8B22-236CED0F95EE}.Release|Any CPU.Build.0 = Release|Any CPU
		{11340CBC-7EFE-4480-8B22-236CED0F95EE}.Release|x64.ActiveCfg = Release|x64
		{11340CBC-7EFE-4480-8B22-236CED0F95EE}.Release|x64.Build.0 = Release|x64
		{D0DE9FCE-EBB6-4DA4-B44B-C05840505DCF}.Debug|Any CPU.ActiveCfg = Debug|Any CPU
		{D0DE9FCE-EBB6-4DA4-B44B-C05840505DCF}.Debug|Any CPU.Build.0 = Debug|Any CPU
		{D0DE9FCE-EBB6-4DA4-B44B-C05840505DCF}.Debug|x64.ActiveCfg = Debug|x64
		{D0DE9FCE-EBB6-4DA4-B44B-C05840505DCF}.Debug|x64.Build.0 = Debug|x64
		{D0DE9FCE-EBB6-4DA4-B44B-C05840505DCF}.Release|Any CPU.ActiveCfg = Release|Any CPU
		{D0DE9FCE-EBB6-4DA4-B44B-C05840505DCF}.Release|Any CPU.Build.0 = Release|Any CPU
		{D0DE9FCE-EBB6-4DA4-B44B-C05840505DCF}.Release|x64.ActiveCfg = Release|x64
		{D0DE9FCE-EBB6-4DA4-B44B-C05840505DCF}.Release|x64.Build.0 = Release|x64
		{FAE987B4-32D8-4DCA-9C90-E9A7588359E2}.Debug|Any CPU.ActiveCfg = Debug|Any CPU
		{FAE987B4-32D8-4DCA-9C90-E9A7588359E2}.Debug|Any CPU.Build.0 = Debug|Any CPU
		{FAE987B4-32D8-4DCA-9C90-E9A7588359E2}.Debug|x64.ActiveCfg = Debug|x64
		{FAE987B4-32D8-4DCA-9C90-E9A7588359E2}.Debug|x64.Build.0 = Debug|x64
		{FAE987B4-32D8-4DCA-9C90-E9A7588359E2}.Release|Any CPU.ActiveCfg = Release|Any CPU
		{FAE987B4-32D8-4DCA-9C90-E9A7588359E2}.Release|Any CPU.Build.0 = Release|Any CPU
		{FAE987B4-32D8-4DCA-9C90-E9A7588359E2}.Release|x64.ActiveCfg = Release|x64
		{FAE987B4-32D8-4DCA-9C90-E9A7588359E2}.Release|x64.Build.0 = Release|x64
		{EDD9C5FB-A3A2-417A-A273-3879BF0D7FF9}.Debug|Any CPU.ActiveCfg = Debug|Any CPU
		{EDD9C5FB-A3A2-417A-A273-3879BF0D7FF9}.Debug|Any CPU.Build.0 = Debug|Any CPU
		{EDD9C5FB-A3A2-417A-A273-3879BF0D7FF9}.Debug|x64.ActiveCfg = Debug|x64
		{EDD9C5FB-A3A2-417A-A273-3879BF0D7FF9}.Debug|x64.Build.0 = Debug|x64
		{EDD9C5FB-A3A2-417A-A273-3879BF0D7FF9}.Release|Any CPU.ActiveCfg = Release|Any CPU
		{EDD9C5FB-A3A2-417A-A273-3879BF0D7FF9}.Release|Any CPU.Build.0 = Release|Any CPU
		{EDD9C5FB-A3A2-417A-A273-3879BF0D7FF9}.Release|x64.ActiveCfg = Release|x64
		{EDD9C5FB-A3A2-417A-A273-3879BF0D7FF9}.Release|x64.Build.0 = Release|x64
		{45203ED6-82D0-49AF-A9A8-00D43BCD8D5C}.Debug|Any CPU.ActiveCfg = Debug|Any CPU
		{45203ED6-82D0-49AF-A9A8-00D43BCD8D5C}.Debug|Any CPU.Build.0 = Debug|Any CPU
		{45203ED6-82D0-49AF-A9A8-00D43BCD8D5C}.Debug|x64.ActiveCfg = Debug|Any CPU
		{45203ED6-82D0-49AF-A9A8-00D43BCD8D5C}.Debug|x64.Build.0 = Debug|Any CPU
		{45203ED6-82D0-49AF-A9A8-00D43BCD8D5C}.Release|Any CPU.ActiveCfg = Release|Any CPU
		{45203ED6-82D0-49AF-A9A8-00D43BCD8D5C}.Release|Any CPU.Build.0 = Release|Any CPU
		{45203ED6-82D0-49AF-A9A8-00D43BCD8D5C}.Release|x64.ActiveCfg = Release|Any CPU
		{45203ED6-82D0-49AF-A9A8-00D43BCD8D5C}.Release|x64.Build.0 = Release|Any CPU
	EndGlobalSection
	GlobalSection(SolutionProperties) = preSolution
		HideSolutionNode = FALSE
	EndGlobalSection
	GlobalSection(ExtensibilityGlobals) = postSolution
		SolutionGuid = {711AEFFE-CF49-4C66-830B-D388CB213030}
	EndGlobalSection
EndGlobal
